
Microsoft Visual Studio Solution File, Format Version 12.00
# Visual Studio 15
VisualStudioVersion = 15.0.28307.757
MinimumVisualStudioVersion = 10.0.40219.1
Project("{FAE04EC0-301F-11D3-BF4B-00C04F79EFBC}") = "TwitcheratorServer", "TwitcheratorServer\TwitcheratorServer.csproj", "{3123FDC0-B137-4B5A-AA36-078A57B06213}"
EndProject
Global
	GlobalSection(SolutionConfigurationPlatforms) = preSolution
		Debug|Any CPU = Debug|Any CPU
		Release|Any CPU = Release|Any CPU
	EndGlobalSection
	GlobalSection(ProjectConfigurationPlatforms) = postSolution
		{3123FDC0-B137-4B5A-AA36-078A57B06213}.Debug|Any CPU.ActiveCfg = Debug|Any CPU
		{3123FDC0-B137-4B5A-AA36-078A57B06213}.Debug|Any CPU.Build.0 = Debug|Any CPU
		{3123FDC0-B137-4B5A-AA36-078A57B06213}.Release|Any CPU.ActiveCfg = Release|Any CPU
		{3123FDC0-B137-4B5A-AA36-078A57B06213}.Release|Any CPU.Build.0 = Release|Any CPU
	EndGlobalSection
	GlobalSection(SolutionProperties) = preSolution
		HideSolutionNode = FALSE
	EndGlobalSection
	GlobalSection(ExtensibilityGlobals) = postSolution
		SolutionGuid = {9202D5BA-40D8-4A04-9279-267E1E860292}
	EndGlobalSection
EndGlobal
